
Microsoft Visual Studio Solution File, Format Version 12.00
# Visual Studio 15
VisualStudioVersion = 15.0.28307.168
MinimumVisualStudioVersion = 10.0.40219.1
Project("{FAE04EC0-301F-11D3-BF4B-00C04F79EFBC}") = "PlainTextTable", "PlainTextTable\PlainTextTable.csproj", "{C55EFFA9-A159-405A-9A79-21410165B45E}"
EndProject
Project("{FAE04EC0-301F-11D3-BF4B-00C04F79EFBC}") = "Samples", "Samples\Samples.csproj", "{19060986-8549-4CEC-B172-798DC8CE2E7E}"
EndProject
Global
	GlobalSection(SolutionConfigurationPlatforms) = preSolution
		Debug|Any CPU = Debug|Any CPU
		Release|Any CPU = Release|Any CPU
	EndGlobalSection
	GlobalSection(ProjectConfigurationPlatforms) = postSolution
		{C55EFFA9-A159-405A-9A79-21410165B45E}.Debug|Any CPU.ActiveCfg = Debug|Any CPU
		{C55EFFA9-A159-405A-9A79-21410165B45E}.Debug|Any CPU.Build.0 = Debug|Any CPU
		{C55EFFA9-A159-405A-9A79-21410165B45E}.Release|Any CPU.ActiveCfg = Release|Any CPU
		{C55EFFA9-A159-405A-9A79-21410165B45E}.Release|Any CPU.Build.0 = Release|Any CPU
		{19060986-8549-4CEC-B172-798DC8CE2E7E}.Debug|Any CPU.ActiveCfg = Debug|Any CPU
		{19060986-8549-4CEC-B172-798DC8CE2E7E}.Debug|Any CPU.Build.0 = Debug|Any CPU
		{19060986-8549-4CEC-B172-798DC8CE2E7E}.Release|Any CPU.ActiveCfg = Release|Any CPU
		{19060986-8549-4CEC-B172-798DC8CE2E7E}.Release|Any CPU.Build.0 = Release|Any CPU
	EndGlobalSection
	GlobalSection(SolutionProperties) = preSolution
		HideSolutionNode = FALSE
	EndGlobalSection
	GlobalSection(ExtensibilityGlobals) = postSolution
		SolutionGuid = {4DD66310-2B9C-4A57-AE44-A13D7705BB3A}
	EndGlobalSection
EndGlobal
